
Microsoft Visual Studio Solution File, Format Version 12.00
# Visual Studio Version 16
VisualStudioVersion = 16.0.31205.134
MinimumVisualStudioVersion = 10.0.40219.1
Project("{FAE04EC0-301F-11D3-BF4B-00C04F79EFBC}") = "dashboard", "dashboard\dashboard.csproj", "{46E9F6BA-C9B3-4F4B-9F92-F7BA7353FCC3}"
EndProject
Global
	GlobalSection(SolutionConfigurationPlatforms) = preSolution
		Debug|Any CPU = Debug|Any CPU
		Release|Any CPU = Release|Any CPU
	EndGlobalSection
	GlobalSection(ProjectConfigurationPlatforms) = postSolution
		{46E9F6BA-C9B3-4F4B-9F92-F7BA7353FCC3}.Debug|Any CPU.ActiveCfg = Debug|Any CPU
		{46E9F6BA-C9B3-4F4B-9F92-F7BA7353FCC3}.Debug|Any CPU.Build.0 = Debug|Any CPU
		{46E9F6BA-C9B3-4F4B-9F92-F7BA7353FCC3}.Release|Any CPU.ActiveCfg = Release|Any CPU
		{46E9F6BA-C9B3-4F4B-9F92-F7BA7353FCC3}.Release|Any CPU.Build.0 = Release|Any CPU
	EndGlobalSection
	GlobalSection(SolutionProperties) = preSolution
		HideSolutionNode = FALSE
	EndGlobalSection
	GlobalSection(ExtensibilityGlobals) = postSolution
		SolutionGuid = {12A4318F-202E-4D97-BFAB-7E4887F8A61B}
	EndGlobalSection
EndGlobal
